
Microsoft Visual Studio Solution File, Format Version 12.00
# Visual Studio Version 16
VisualStudioVersion = 16.0.30503.244
MinimumVisualStudioVersion = 10.0.40219.1
Project("{9A19103F-16F7-4668-BE54-9A1E7A4F7556}") = "FunctionApp1", "FunctionApp1\FunctionApp1.csproj", "{0036489B-8361-4FCB-A6C8-0C2B9276BE5E}"
EndProject
Project("{9A19103F-16F7-4668-BE54-9A1E7A4F7556}") = "IntegratingBlobStorage", "IntegratingBlobStorage\IntegratingBlobStorage.csproj", "{D0069036-14BA-40CE-A2E4-F8F0CB8ABAA4}"
EndProject
Project("{FAE04EC0-301F-11D3-BF4B-00C04F79EFBC}") = "IntegratingWithQueueStorage", "IntegratingWithQueueStorage\IntegratingWithQueueStorage.csproj", "{B653B3AE-A772-4767-8493-25C197C7C14C}"
EndProject
Project("{FAE04EC0-301F-11D3-BF4B-00C04F79EFBC}") = "FunctionApp2", "FunctionApp2\FunctionApp2.csproj", "{1469A714-3765-4D81-B3B1-9E989A3B2897}"
EndProject
Global
	GlobalSection(SolutionConfigurationPlatforms) = preSolution
		Debug|Any CPU = Debug|Any CPU
		Release|Any CPU = Release|Any CPU
	EndGlobalSection
	GlobalSection(ProjectConfigurationPlatforms) = postSolution
		{0036489B-8361-4FCB-A6C8-0C2B9276BE5E}.Debug|Any CPU.ActiveCfg = Debug|Any CPU
		{0036489B-8361-4FCB-A6C8-0C2B9276BE5E}.Debug|Any CPU.Build.0 = Debug|Any CPU
		{0036489B-8361-4FCB-A6C8-0C2B9276BE5E}.Release|Any CPU.ActiveCfg = Release|Any CPU
		{0036489B-8361-4FCB-A6C8-0C2B9276BE5E}.Release|Any CPU.Build.0 = Release|Any CPU
		{D0069036-14BA-40CE-A2E4-F8F0CB8ABAA4}.Debug|Any CPU.ActiveCfg = Debug|Any CPU
		{D0069036-14BA-40CE-A2E4-F8F0CB8ABAA4}.Debug|Any CPU.Build.0 = Debug|Any CPU
		{D0069036-14BA-40CE-A2E4-F8F0CB8ABAA4}.Release|Any CPU.ActiveCfg = Release|Any CPU
		{D0069036-14BA-40CE-A2E4-F8F0CB8ABAA4}.Release|Any CPU.Build.0 = Release|Any CPU
		{B653B3AE-A772-4767-8493-25C197C7C14C}.Debug|Any CPU.ActiveCfg = Debug|Any CPU
		{B653B3AE-A772-4767-8493-25C197C7C14C}.Debug|Any CPU.Build.0 = Debug|Any CPU
		{B653B3AE-A772-4767-8493-25C197C7C14C}.Release|Any CPU.ActiveCfg = Release|Any CPU
		{B653B3AE-A772-4767-8493-25C197C7C14C}.Release|Any CPU.Build.0 = Release|Any CPU
		{1469A714-3765-4D81-B3B1-9E989A3B2897}.Debug|Any CPU.ActiveCfg = Debug|Any CPU
		{1469A714-3765-4D81-B3B1-9E989A3B2897}.Debug|Any CPU.Build.0 = Debug|Any CPU
		{1469A714-3765-4D81-B3B1-9E989A3B2897}.Release|Any CPU.ActiveCfg = Release|Any CPU
		{1469A714-3765-4D81-B3B1-9E989A3B2897}.Release|Any CPU.Build.0 = Release|Any CPU
	EndGlobalSection
	GlobalSection(SolutionProperties) = preSolution
		HideSolutionNode = FALSE
	EndGlobalSection
	GlobalSection(ExtensibilityGlobals) = postSolution
		SolutionGuid = {A2EAC328-6E61-4DC4-A748-BFBF0FE1D174}
	EndGlobalSection
EndGlobal
